
Microsoft Visual Studio Solution File, Format Version 11.00
# Visual Studio 2010
Project("{FAE04EC0-301F-11D3-BF4B-00C04F79EFBC}") = "NATClientLibrary", "NATClientLibrary\NATClientLibrary.csproj", "{7F0D690C-EE0C-41F4-BF14-C523443EE213}"
EndProject
Global
	GlobalSection(SolutionConfigurationPlatforms) = preSolution
		Debug|Any CPU = Debug|Any CPU
		Release|Any CPU = Release|Any CPU
	EndGlobalSection
	GlobalSection(ProjectConfigurationPlatforms) = postSolution
		{7F0D690C-EE0C-41F4-BF14-C523443EE213}.Debug|Any CPU.ActiveCfg = Debug|Any CPU
		{7F0D690C-EE0C-41F4-BF14-C523443EE213}.Debug|Any CPU.Build.0 = Debug|Any CPU
		{7F0D690C-EE0C-41F4-BF14-C523443EE213}.Release|Any CPU.ActiveCfg = Release|Any CPU
		{7F0D690C-EE0C-41F4-BF14-C523443EE213}.Release|Any CPU.Build.0 = Release|Any CPU
	EndGlobalSection
	GlobalSection(SolutionProperties) = preSolution
		HideSolutionNode = FALSE
	EndGlobalSection
EndGlobal
